
Microsoft Visual Studio Solution File, Format Version 12.00
# Visual Studio 15
VisualStudioVersion = 15.0.26014.0
MinimumVisualStudioVersion = 10.0.40219.1
Project("{2150E333-8FDC-42A3-9474-1A3956D46DE8}") = "src", "src", "{F7143846-5D69-4CB5-8C6A-863FE74BE719}"
EndProject
Project("{2150E333-8FDC-42A3-9474-1A3956D46DE8}") = "Solution Items", "Solution Items", "{52729A81-0F39-4066-82BA-48F1E898788A}"
	ProjectSection(SolutionItems) = preProject
		global.json = global.json
	EndProjectSection
EndProject
Project("{9A19103F-16F7-4668-BE54-9A1E7A4F7556}") = "Formic", "src\Formic\Formic.csproj", "{7C07144C-C71E-4E10-9B7E-C1B14F0EEB25}"
EndProject
Global
	GlobalSection(SolutionConfigurationPlatforms) = preSolution
		Debug|Any CPU = Debug|Any CPU
		Release|Any CPU = Release|Any CPU
	EndGlobalSection
	GlobalSection(ProjectConfigurationPlatforms) = postSolution
		{7C07144C-C71E-4E10-9B7E-C1B14F0EEB25}.Debug|Any CPU.ActiveCfg = Debug|Any CPU
		{7C07144C-C71E-4E10-9B7E-C1B14F0EEB25}.Debug|Any CPU.Build.0 = Debug|Any CPU
		{7C07144C-C71E-4E10-9B7E-C1B14F0EEB25}.Release|Any CPU.ActiveCfg = Release|Any CPU
		{7C07144C-C71E-4E10-9B7E-C1B14F0EEB25}.Release|Any CPU.Build.0 = Release|Any CPU
	EndGlobalSection
	GlobalSection(SolutionProperties) = preSolution
		HideSolutionNode = FALSE
	EndGlobalSection
	GlobalSection(NestedProjects) = preSolution
		{7C07144C-C71E-4E10-9B7E-C1B14F0EEB25} = {F7143846-5D69-4CB5-8C6A-863FE74BE719}
	EndGlobalSection
EndGlobal
